// !$*UTF8*$!
{
	archiveVersion = 1;
	classes = {
	};
	objectVersion = 46;
	objects = {

/* Begin PBXBuildFile section */
		0A6898DE169EEB85007BA8A1 /* main.cpp in Sources */ = {isa = PBXBuildFile; fileRef = 0A6898DD169EEB85007BA8A1 /* main.cpp */; };
		0A6898E0169EEB85007BA8A1 /* musicdataexchange.1 in CopyFiles */ = {isa = PBXBuildFile; fileRef = 0A6898DF169EEB85007BA8A1 /* musicdataexchange.1 */; };
		0A6898ED169EEBD7007BA8A1 /* client.cpp in Sources */ = {isa = PBXBuildFile; fileRef = 0A6898EB169EEBD7007BA8A1 /* client.cpp */; };
		0A6898EF169F0510007BA8A1 /* libcurses.dylib in Frameworks */ = {isa = PBXBuildFile; fileRef = 0A6898EE169F0510007BA8A1 /* libcurses.dylib */; };
/* End PBXBuildFile section */

/* Begin PBXCopyFilesBuildPhase section */
		0A6898D7169EEB85007BA8A1 /* CopyFiles */ = {
			isa = PBXCopyFilesBuildPhase;
			buildActionMask = 2147483647;
			dstPath = /usr/share/man/man1/;
			dstSubfolderSpec = 0;
			files = (
				0A6898E0169EEB85007BA8A1 /* musicdataexchange.1 in CopyFiles */,
			);
			runOnlyForDeploymentPostprocessing = 1;
		};
/* End PBXCopyFilesBuildPhase section */

/* Begin PBXFileReference section */
		0A6898D9169EEB85007BA8A1 /* musicdataexchange */ = {isa = PBXFileReference; explicitFileType = "compiled.mach-o.executable"; includeInIndex = 0; path = musicdataexchange; sourceTree = BUILT_PRODUCTS_DIR; };
		0A6898DD169EEB85007BA8A1 /* main.cpp */ = {isa = PBXFileReference; lastKnownFileType = sourcecode.cpp.cpp; path = main.cpp; sourceTree = "<group>"; };
		0A6898DF169EEB85007BA8A1 /* musicdataexchange.1 */ = {isa = PBXFileReference; lastKnownFileType = text.man; path = musicdataexchange.1; sourceTree = "<group>"; };
		0A6898EB169EEBD7007BA8A1 /* client.cpp */ = {isa = PBXFileReference; fileEncoding = 4; lastKnownFileType = sourcecode.cpp.cpp; path = client.cpp; sourceTree = "<group>"; };
		0A6898EC169EEBD7007BA8A1 /* client.h */ = {isa = PBXFileReference; fileEncoding = 4; lastKnownFileType = sourcecode.c.h; path = client.h; sourceTree = "<group>"; };
		0A6898EE169F0510007BA8A1 /* libcurses.dylib */ = {isa = PBXFileReference; lastKnownFileType = "compiled.mach-o.dylib"; name = libcurses.dylib; path = usr/lib/libcurses.dylib; sourceTree = SDKROOT; };
/* End PBXFileReference section */

/* Begin PBXFrameworksBuildPhase section */
		0A6898D6169EEB85007BA8A1 /* Frameworks */ = {
			isa = PBXFrameworksBuildPhase;
			buildActionMask = 2147483647;
			files = (
				0A6898EF169F0510007BA8A1 /* libcurses.dylib in Frameworks */,
			);
			runOnlyForDeploymentPostprocessing = 0;
		};
/* End PBXFrameworksBuildPhase section */

/* Begin PBXGroup section */
		0A6898CE169EEB85007BA8A1 = {
			isa = PBXGroup;
			children = (
				0A6898EE169F0510007BA8A1 /* libcurses.dylib */,
				0A6898DC169EEB85007BA8A1 /* musicdataexchange */,
				0A6898DA169EEB85007BA8A1 /* Products */,
			);
			sourceTree = "<group>";
		};
		0A6898DA169EEB85007BA8A1 /* Products */ = {
			isa = PBXGroup;
			children = (
				0A6898D9169EEB85007BA8A1 /* musicdataexchange */,
			);
			name = Products;
			sourceTree = "<group>";
		};
		0A6898DC169EEB85007BA8A1 /* musicdataexchange */ = {
			isa = PBXGroup;
			children = (
				0A6898DD169EEB85007BA8A1 /* main.cpp */,
				0A6898DF169EEB85007BA8A1 /* musicdataexchange.1 */,
				0A6898EB169EEBD7007BA8A1 /* client.cpp */,
				0A6898EC169EEBD7007BA8A1 /* client.h */,
			);
			path = musicdataexchange;
			sourceTree = "<group>";
		};
/* End PBXGroup section */

/* Begin PBXNativeTarget section */
		0A6898D8169EEB85007BA8A1 /* musicdataexchange */ = {
			isa = PBXNativeTarget;
			buildConfigurationList = 0A6898E3169EEB85007BA8A1 /* Build configuration list for PBXNativeTarget "musicdataexchange" */;
			buildPhases = (
				0A6898D5169EEB85007BA8A1 /* Sources */,
				0A6898D6169EEB85007BA8A1 /* Frameworks */,
				0A6898D7169EEB85007BA8A1 /* CopyFiles */,
			);
			buildRules = (
			);
			dependencies = (
			);
			name = musicdataexchange;
			productName = musicdataexchange;
			productReference = 0A6898D9169EEB85007BA8A1 /* musicdataexchange */;
			productType = "com.apple.product-type.tool";
		};
/* End PBXNativeTarget section */

/* Begin PBXProject section */
		0A6898D0169EEB85007BA8A1 /* Project object */ = {
			isa = PBXProject;
			attributes = {
				LastUpgradeCheck = 0450;
				ORGANIZATIONNAME = "Kevin Dreßler";
			};
			buildConfigurationList = 0A6898D3169EEB85007BA8A1 /* Build configuration list for PBXProject "musicdataexchange" */;
			compatibilityVersion = "Xcode 3.2";
			developmentRegion = English;
			hasScannedForEncodings = 0;
			knownRegions = (
				en,
			);
			mainGroup = 0A6898CE169EEB85007BA8A1;
			productRefGroup = 0A6898DA169EEB85007BA8A1 /* Products */;
			projectDirPath = "";
			projectRoot = "";
			targets = (
				0A6898D8169EEB85007BA8A1 /* musicdataexchange */,
			);
		};
/* End PBXProject section */

/* Begin PBXSourcesBuildPhase section */
		0A6898D5169EEB85007BA8A1 /* Sources */ = {
			isa = PBXSourcesBuildPhase;
			buildActionMask = 2147483647;
			files = (
				0A6898DE169EEB85007BA8A1 /* main.cpp in Sources */,
				0A6898ED169EEBD7007BA8A1 /* client.cpp in Sources */,
			);
			runOnlyForDeploymentPostprocessing = 0;
		};
/* End PBXSourcesBuildPhase section */

/* Begin XCBuildConfiguration section */
		0A6898E1169EEB85007BA8A1 /* Debug */ = {
			isa = XCBuildConfiguration;
			buildSettings = {
				ALWAYS_SEARCH_USER_PATHS = NO;
				ARCHS = "$(ARCHS_STANDARD_32_BIT)";
				CLANG_CXX_LANGUAGE_STANDARD = "compiler-default";
				CLANG_CXX_LIBRARY = "libstdc++";
				CLANG_ENABLE_OBJC_ARC = NO;
				CLANG_WARN_EMPTY_BODY = YES;
				CLANG_WARN__DUPLICATE_METHOD_MATCH = YES;
				COPY_PHASE_STRIP = NO;
				GCC_C_LANGUAGE_STANDARD = "compiler-default";
				GCC_DYNAMIC_NO_PIC = NO;
				GCC_ENABLE_OBJC_EXCEPTIONS = NO;
				GCC_OPTIMIZATION_LEVEL = 0;
				GCC_PREPROCESSOR_DEFINITIONS = "";
				GCC_SYMBOLS_PRIVATE_EXTERN = NO;
				GCC_WARN_64_TO_32_BIT_CONVERSION = YES;
				GCC_WARN_ABOUT_RETURN_TYPE = YES;
				GCC_WARN_UNINITIALIZED_AUTOS = YES;
				GCC_WARN_UNUSED_VARIABLE = YES;
				MACOSX_DEPLOYMENT_TARGET = 10.8;
				ONLY_ACTIVE_ARCH = YES;
				SDKROOT = macosx;
			};
			name = Debug;
		};
		0A6898E2169EEB85007BA8A1 /* Release */ = {
			isa = XCBuildConfiguration;
			buildSettings = {
				ALWAYS_SEARCH_USER_PATHS = NO;
				ARCHS = "$(ARCHS_STANDARD_32_BIT)";
				CLANG_CXX_LANGUAGE_STANDARD = "compiler-default";
				CLANG_CXX_LIBRARY = "libstdc++";
				CLANG_ENABLE_OBJC_ARC = NO;
				CLANG_WARN_EMPTY_BODY = YES;
				CLANG_WARN__DUPLICATE_METHOD_MATCH = YES;
				COPY_PHASE_STRIP = YES;
				DEBUG_INFORMATION_FORMAT = "dwarf-with-dsym";
				GCC_C_LANGUAGE_STANDARD = "compiler-default";
				GCC_ENABLE_OBJC_EXCEPTIONS = NO;
				GCC_PREPROCESSOR_DEFINITIONS = "";
				GCC_WARN_64_TO_32_BIT_CONVERSION = YES;
				GCC_WARN_ABOUT_RETURN_TYPE = YES;
				GCC_WARN_UNINITIALIZED_AUTOS = YES;
				GCC_WARN_UNUSED_VARIABLE = YES;
				MACOSX_DEPLOYMENT_TARGET = 10.8;
				SDKROOT = macosx;
			};
			name = Release;
		};
		0A6898E4169EEB85007BA8A1 /* Debug */ = {
			isa = XCBuildConfiguration;
			buildSettings = {
				PRODUCT_NAME = "$(TARGET_NAME)";
				linker = "";
			};
			name = Debug;
		};
		0A6898E5169EEB85007BA8A1 /* Release */ = {
			isa = XCBuildConfiguration;
			buildSettings = {
				PRODUCT_NAME = "$(TARGET_NAME)";
				linker = "";
			};
			name = Release;
		};
/* End XCBuildConfiguration section */

/* Begin XCConfigurationList section */
		0A6898D3169EEB85007BA8A1 /* Build configuration list for PBXProject "musicdataexchange" */ = {
			isa = XCConfigurationList;
			buildConfigurations = (
				0A6898E1169EEB85007BA8A1 /* Debug */,
				0A6898E2169EEB85007BA8A1 /* Release */,
			);
			defaultConfigurationIsVisible = 0;
			defaultConfigurationName = Release;
		};
		0A6898E3169EEB85007BA8A1 /* Build configuration list for PBXNativeTarget "musicdataexchange" */ = {
			isa = XCConfigurationList;
			buildConfigurations = (
				0A6898E4169EEB85007BA8A1 /* Debug */,
				0A6898E5169EEB85007BA8A1 /* Release */,
			);
			defaultConfigurationIsVisible = 0;
			defaultConfigurationName = Release;
		};
/* End XCConfigurationList section */
	};
	rootObject = 0A6898D0169EEB85007BA8A1 /* Project object */;
}
